// !$*UTF8*$!
{
	archiveVersion = 1;
	classes = {
	};
	objectVersion = 48;
	objects = {

/* Begin PBXBuildFile section */
		624197351F087CCE0085694A /* AppDelegate.swift in Sources */ = {isa = PBXBuildFile; fileRef = 624197341F087CCE0085694A /* AppDelegate.swift */; };
		624197371F087CCE0085694A /* art.scnassets in Resources */ = {isa = PBXBuildFile; fileRef = 624197361F087CCE0085694A /* art.scnassets */; };
		624197391F087CCE0085694A /* ViewController.swift in Sources */ = {isa = PBXBuildFile; fileRef = 624197381F087CCE0085694A /* ViewController.swift */; };
		6241973C1F087CCE0085694A /* Main.storyboard in Resources */ = {isa = PBXBuildFile; fileRef = 6241973A1F087CCE0085694A /* Main.storyboard */; };
		6241973E1F087CCE0085694A /* Assets.xcassets in Resources */ = {isa = PBXBuildFile; fileRef = 6241973D1F087CCE0085694A /* Assets.xcassets */; };
		624197411F087CCE0085694A /* LaunchScreen.storyboard in Resources */ = {isa = PBXBuildFile; fileRef = 6241973F1F087CCE0085694A /* LaunchScreen.storyboard */; };
/* End PBXBuildFile section */

/* Begin PBXFileReference section */
		624197311F087CCE0085694A /* ARkit Freeze Frame.app */ = {isa = PBXFileReference; explicitFileType = wrapper.application; includeInIndex = 0; path = "ARkit Freeze Frame.app"; sourceTree = BUILT_PRODUCTS_DIR; };
		624197341F087CCE0085694A /* AppDelegate.swift */ = {isa = PBXFileReference; lastKnownFileType = sourcecode.swift; path = AppDelegate.swift; sourceTree = "<group>"; };
		624197361F087CCE0085694A /* art.scnassets */ = {isa = PBXFileReference; lastKnownFileType = wrapper.scnassets; path = art.scnassets; sourceTree = "<group>"; };
		624197381F087CCE0085694A /* ViewController.swift */ = {isa = PBXFileReference; lastKnownFileType = sourcecode.swift; path = ViewController.swift; sourceTree = "<group>"; };
		6241973B1F087CCE0085694A /* Base */ = {isa = PBXFileReference; lastKnownFileType = file.storyboard; name = Base; path = Base.lproj/Main.storyboard; sourceTree = "<group>"; };
		6241973D1F087CCE0085694A /* Assets.xcassets */ = {isa = PBXFileReference; lastKnownFileType = folder.assetcatalog; path = Assets.xcassets; sourceTree = "<group>"; };
		624197401F087CCE0085694A /* Base */ = {isa = PBXFileReference; lastKnownFileType = file.storyboard; name = Base; path = Base.lproj/LaunchScreen.storyboard; sourceTree = "<group>"; };
		624197421F087CCE0085694A /* Info.plist */ = {isa = PBXFileReference; lastKnownFileType = text.plist.xml; path = Info.plist; sourceTree = "<group>"; };
/* End PBXFileReference section */

/* Begin PBXFrameworksBuildPhase section */
		6241972E1F087CCE0085694A /* Frameworks */ = {
			isa = PBXFrameworksBuildPhase;
			buildActionMask = 2147483647;
			files = (
			);
			runOnlyForDeploymentPostprocessing = 0;
		};
/* End PBXFrameworksBuildPhase section */

/* Begin PBXGroup section */
		624197281F087CCE0085694A = {
			isa = PBXGroup;
			children = (
				624197331F087CCE0085694A /* ARkit Freeze Frame */,
				624197321F087CCE0085694A /* Products */,
			);
			sourceTree = "<group>";
		};
		624197321F087CCE0085694A /* Products */ = {
			isa = PBXGroup;
			children = (
				624197311F087CCE0085694A /* ARkit Freeze Frame.app */,
			);
			name = Products;
			sourceTree = "<group>";
		};
		624197331F087CCE0085694A /* ARkit Freeze Frame */ = {
			isa = PBXGroup;
			children = (
				624197341F087CCE0085694A /* AppDelegate.swift */,
				624197361F087CCE0085694A /* art.scnassets */,
				624197381F087CCE0085694A /* ViewController.swift */,
				6241973A1F087CCE0085694A /* Main.storyboard */,
				6241973D1F087CCE0085694A /* Assets.xcassets */,
				6241973F1F087CCE0085694A /* LaunchScreen.storyboard */,
				624197421F087CCE0085694A /* Info.plist */,
			);
			path = "ARkit Freeze Frame";
			sourceTree = "<group>";
		};
/* End PBXGroup section */

/* Begin PBXNativeTarget section */
		624197301F087CCE0085694A /* ARkit Freeze Frame */ = {
			isa = PBXNativeTarget;
			buildConfigurationList = 624197451F087CCE0085694A /* Build configuration list for PBXNativeTarget "ARkit Freeze Frame" */;
			buildPhases = (
				6241972D1F087CCE0085694A /* Sources */,
				6241972E1F087CCE0085694A /* Frameworks */,
				6241972F1F087CCE0085694A /* Resources */,
			);
			buildRules = (
			);
			dependencies = (
			);
			name = "ARkit Freeze Frame";
			productName = "ARkit Freeze Frame";
			productReference = 624197311F087CCE0085694A /* ARkit Freeze Frame.app */;
			productType = "com.apple.product-type.application";
		};
/* End PBXNativeTarget section */

/* Begin PBXProject section */
		624197291F087CCE0085694A /* Project object */ = {
			isa = PBXProject;
			attributes = {
				LastSwiftUpdateCheck = 0900;
				LastUpgradeCheck = 0900;
				ORGANIZATIONNAME = MAVA;
				TargetAttributes = {
					624197301F087CCE0085694A = {
						CreatedOnToolsVersion = 9.0;
					};
				};
			};
			buildConfigurationList = 6241972C1F087CCE0085694A /* Build configuration list for PBXProject "ARkit Freeze Frame" */;
			compatibilityVersion = "Xcode 8.0";
			developmentRegion = en;
			hasScannedForEncodings = 0;
			knownRegions = (
				en,
				Base,
			);
			mainGroup = 624197281F087CCE0085694A;
			productRefGroup = 624197321F087CCE0085694A /* Products */;
			projectDirPath = "";
			projectRoot = "";
			targets = (
				624197301F087CCE0085694A /* ARkit Freeze Frame */,
			);
		};
/* End PBXProject section */

/* Begin PBXResourcesBuildPhase section */
		6241972F1F087CCE0085694A /* Resources */ = {
			isa = PBXResourcesBuildPhase;
			buildActionMask = 2147483647;
			files = (
				624197371F087CCE0085694A /* art.scnassets in Resources */,
				624197411F087CCE0085694A /* LaunchScreen.storyboard in Resources */,
				6241973E1F087CCE0085694A /* Assets.xcassets in Resources */,
				6241973C1F087CCE0085694A /* Main.storyboard in Resources */,
			);
			runOnlyForDeploymentPostprocessing = 0;
		};
/* End PBXResourcesBuildPhase section */

/* Begin PBXSourcesBuildPhase section */
		6241972D1F087CCE0085694A /* Sources */ = {
			isa = PBXSourcesBuildPhase;
			buildActionMask = 2147483647;
			files = (
				624197391F087CCE0085694A /* ViewController.swift in Sources */,
				624197351F087CCE0085694A /* AppDelegate.swift in Sources */,
			);
			runOnlyForDeploymentPostprocessing = 0;
		};
/* End PBXSourcesBuildPhase section */

/* Begin PBXVariantGroup section */
		6241973A1F087CCE0085694A /* Main.storyboard */ = {
			isa = PBXVariantGroup;
			children = (
				6241973B1F087CCE0085694A /* Base */,
			);
			name = Main.storyboard;
			sourceTree = "<group>";
		};
		6241973F1F087CCE0085694A /* LaunchScreen.storyboard */ = {
			isa = PBXVariantGroup;
			children = (
				624197401F087CCE0085694A /* Base */,
			);
			name = LaunchScreen.storyboard;
			sourceTree = "<group>";
		};
/* End PBXVariantGroup section */

/* Begin XCBuildConfiguration section */
		624197431F087CCE0085694A /* Debug */ = {
			isa = XCBuildConfiguration;
			buildSettings = {
				ALWAYS_SEARCH_USER_PATHS = NO;
				CLANG_ANALYZER_NONNULL = YES;
				CLANG_ANALYZER_NUMBER_OBJECT_CONVERSION = YES_AGGRESSIVE;
				CLANG_CXX_LANGUAGE_STANDARD = "gnu++14";
				CLANG_CXX_LIBRARY = "libc++";
				CLANG_ENABLE_MODULES = YES;
				CLANG_ENABLE_OBJC_ARC = YES;
				CLANG_WARN_BLOCK_CAPTURE_AUTORELEASING = YES;
				CLANG_WARN_BOOL_CONVERSION = YES;
				CLANG_WARN_COMMA = YES;
				CLANG_WARN_CONSTANT_CONVERSION = YES;
				CLANG_WARN_DIRECT_OBJC_ISA_USAGE = YES_ERROR;
				CLANG_WARN_DOCUMENTATION_COMMENTS = YES;
				CLANG_WARN_EMPTY_BODY = YES;
				CLANG_WARN_ENUM_CONVERSION = YES;
				CLANG_WARN_INFINITE_RECURSION = YES;
				CLANG_WARN_INT_CONVERSION = YES;
				CLANG_WARN_OBJC_ROOT_CLASS = YES_ERROR;
				CLANG_WARN_RANGE_LOOP_ANALYSIS = YES;
				CLANG_WARN_STRICT_PROTOTYPES = YES;
				CLANG_WARN_SUSPICIOUS_MOVE = YES;
				CLANG_WARN_UNGUARDED_AVAILABILITY = YES_AGGRESSIVE;
				CLANG_WARN_UNREACHABLE_CODE = YES;
				CLANG_WARN__DUPLICATE_METHOD_MATCH = YES;
				CODE_SIGN_IDENTITY = "iPhone Developer";
				COPY_PHASE_STRIP = NO;
				DEBUG_INFORMATION_FORMAT = dwarf;
				ENABLE_STRICT_OBJC_MSGSEND = YES;
				ENABLE_TESTABILITY = YES;
				GCC_C_LANGUAGE_STANDARD = gnu11;
				GCC_DYNAMIC_NO_PIC = NO;
				GCC_NO_COMMON_BLOCKS = YES;
				GCC_OPTIMIZATION_LEVEL = 0;
				GCC_PREPROCESSOR_DEFINITIONS = (
					"DEBUG=1",
					"$(inherited)",
				);
				GCC_WARN_64_TO_32_BIT_CONVERSION = YES;
				GCC_WARN_ABOUT_RETURN_TYPE = YES_ERROR;
				GCC_WARN_UNDECLARED_SELECTOR = YES;
				GCC_WARN_UNINITIALIZED_AUTOS = YES_AGGRESSIVE;
				GCC_WARN_UNUSED_FUNCTION = YES;
				GCC_WARN_UNUSED_VARIABLE = YES;
				IPHONEOS_DEPLOYMENT_TARGET = 11.0;
				MTL_ENABLE_DEBUG_INFO = YES;
				ONLY_ACTIVE_ARCH = YES;
				SDKROOT = iphoneos;
				SWIFT_ACTIVE_COMPILATION_CONDITIONS = DEBUG;
				SWIFT_OPTIMIZATION_LEVEL = "-Onone";
			};
			name = Debug;
		};
		624197441F087CCE0085694A /* Release */ = {
			isa = XCBuildConfiguration;
			buildSettings = {
				ALWAYS_SEARCH_USER_PATHS = NO;
				CLANG_ANALYZER_NONNULL = YES;
				CLANG_ANALYZER_NUMBER_OBJECT_CONVERSION = YES_AGGRESSIVE;
				CLANG_CXX_LANGUAGE_STANDARD = "gnu++14";
				CLANG_CXX_LIBRARY = "libc++";
				CLANG_ENABLE_MODULES = YES;
				CLANG_ENABLE_OBJC_ARC = YES;
				CLANG_WARN_BLOCK_CAPTURE_AUTORELEASING = YES;
				CLANG_WARN_BOOL_CONVERSION = YES;
				CLANG_WARN_COMMA = YES;
				CLANG_WARN_CONSTANT_CONVERSION = YES;
				CLANG_WARN_DIRECT_OBJC_ISA_USAGE = YES_ERROR;
				CLANG_WARN_DOCUMENTATION_COMMENTS = YES;
				CLANG_WARN_EMPTY_BODY = YES;
				CLANG_WARN_ENUM_CONVERSION = YES;
				CLANG_WARN_INFINITE_RECURSION = YES;
				CLANG_WARN_INT_CONVERSION = YES;
				CLANG_WARN_OBJC_ROOT_CLASS = YES_ERROR;
				CLANG_WARN_RANGE_LOOP_ANALYSIS = YES;
				CLANG_WARN_STRICT_PROTOTYPES = YES;
				CLANG_WARN_SUSPICIOUS_MOVE = YES;
				CLANG_WARN_UNGUARDED_AVAILABILITY = YES_AGGRESSIVE;
				CLANG_WARN_UNREACHABLE_CODE = YES;
				CLANG_WARN__DUPLICATE_METHOD_MATCH = YES;
				CODE_SIGN_IDENTITY = "iPhone Developer";
				COPY_PHASE_STRIP = NO;
				DEBUG_INFORMATION_FORMAT = "dwarf-with-dsym";
				ENABLE_NS_ASSERTIONS = NO;
				ENABLE_STRICT_OBJC_MSGSEND = YES;
				GCC_C_LANGUAGE_STANDARD = gnu11;
				GCC_NO_COMMON_BLOCKS = YES;
				GCC_WARN_64_TO_32_BIT_CONVERSION = YES;
				GCC_WARN_ABOUT_RETURN_TYPE = YES_ERROR;
				GCC_WARN_UNDECLARED_SELECTOR = YES;
				GCC_WARN_UNINITIALIZED_AUTOS = YES_AGGRESSIVE;
				GCC_WARN_UNUSED_FUNCTION = YES;
				GCC_WARN_UNUSED_VARIABLE = YES;
				IPHONEOS_DEPLOYMENT_TARGET = 11.0;
				MTL_ENABLE_DEBUG_INFO = NO;
				SDKROOT = iphoneos;
				SWIFT_OPTIMIZATION_LEVEL = "-Owholemodule";
				VALIDATE_PRODUCT = YES;
			};
			name = Release;
		};
		624197461F087CCE0085694A /* Debug */ = {
			isa = XCBuildConfiguration;
			buildSettings = {
				ASSETCATALOG_COMPILER_APPICON_NAME = AppIcon;
				DEVELOPMENT_TEAM = 6LL9D69MVM;
				INFOPLIST_FILE = "ARkit Freeze Frame/Info.plist";
				LD_RUNPATH_SEARCH_PATHS = "$(inherited) @executable_path/Frameworks";
				PRODUCT_BUNDLE_IDENTIFIER = "ASG.ARkit-Freeze-Frame";
				PRODUCT_NAME = "$(TARGET_NAME)";
				SWIFT_VERSION = 4.0;
				TARGETED_DEVICE_FAMILY = "1,2";
			};
			name = Debug;
		};
		624197471F087CCE0085694A /* Release */ = {
			isa = XCBuildConfiguration;
			buildSettings = {
				ASSETCATALOG_COMPILER_APPICON_NAME = AppIcon;
				DEVELOPMENT_TEAM = 6LL9D69MVM;
				INFOPLIST_FILE = "ARkit Freeze Frame/Info.plist";
				LD_RUNPATH_SEARCH_PATHS = "$(inherited) @executable_path/Frameworks";
				PRODUCT_BUNDLE_IDENTIFIER = "ASG.ARkit-Freeze-Frame";
				PRODUCT_NAME = "$(TARGET_NAME)";
				SWIFT_VERSION = 4.0;
				TARGETED_DEVICE_FAMILY = "1,2";
			};
			name = Release;
		};
/* End XCBuildConfiguration section */

/* Begin XCConfigurationList section */
		6241972C1F087CCE0085694A /* Build configuration list for PBXProject "ARkit Freeze Frame" */ = {
			isa = XCConfigurationList;
			buildConfigurations = (
				624197431F087CCE0085694A /* Debug */,
				624197441F087CCE0085694A /* Release */,
			);
			defaultConfigurationIsVisible = 0;
			defaultConfigurationName = Release;
		};
		624197451F087CCE0085694A /* Build configuration list for PBXNativeTarget "ARkit Freeze Frame" */ = {
			isa = XCConfigurationList;
			buildConfigurations = (
				624197461F087CCE0085694A /* Debug */,
				624197471F087CCE0085694A /* Release */,
			);
			defaultConfigurationIsVisible = 0;
		};
/* End XCConfigurationList section */
	};
	rootObject = 624197291F087CCE0085694A /* Project object */;
}
